
Microsoft Visual Studio Solution File, Format Version 12.00
# Visual Studio Version 16
VisualStudioVersion = 16.0.31702.278
MinimumVisualStudioVersion = 10.0.40219.1
Project("{FAE04EC0-301F-11D3-BF4B-00C04F79EFBC}") = "Registration", "Registration\Registration.csproj", "{5F8A00AE-4987-4688-AAD7-ED50E7467B6E}"
EndProject
Global
	GlobalSection(SolutionConfigurationPlatforms) = preSolution
		Debug|Any CPU = Debug|Any CPU
		Release|Any CPU = Release|Any CPU
	EndGlobalSection
	GlobalSection(ProjectConfigurationPlatforms) = postSolution
		{5F8A00AE-4987-4688-AAD7-ED50E7467B6E}.Debug|Any CPU.ActiveCfg = Debug|Any CPU
		{5F8A00AE-4987-4688-AAD7-ED50E7467B6E}.Debug|Any CPU.Build.0 = Debug|Any CPU
		{5F8A00AE-4987-4688-AAD7-ED50E7467B6E}.Release|Any CPU.ActiveCfg = Release|Any CPU
		{5F8A00AE-4987-4688-AAD7-ED50E7467B6E}.Release|Any CPU.Build.0 = Release|Any CPU
	EndGlobalSection
	GlobalSection(SolutionProperties) = preSolution
		HideSolutionNode = FALSE
	EndGlobalSection
	GlobalSection(ExtensibilityGlobals) = postSolution
		SolutionGuid = {BEE68605-65F9-4822-BFAE-450BD3F4F3D6}
	EndGlobalSection
EndGlobal
